
Microsoft Visual Studio Solution File, Format Version 12.00
# Visual Studio 2013
VisualStudioVersion = 12.0.40629.0
MinimumVisualStudioVersion = 10.0.40219.1
Project("{FAE04EC0-301F-11D3-BF4B-00C04F79EFBC}") = "TriangleChanina.Domain", "TriangleChanina.Domain\TriangleChanina.Domain.csproj", "{584E2517-E199-4AE9-B28D-5AC8C0897DDE}"
EndProject
Project("{FAE04EC0-301F-11D3-BF4B-00C04F79EFBC}") = "TriangleChanina.Tests.Unit", "TriangleChanina.Tests.Unit\TriangleChanina.Tests.Unit.csproj", "{9ED0B940-B7EB-4B13-9573-874EDBAD22EA}"
EndProject
Global
	GlobalSection(SolutionConfigurationPlatforms) = preSolution
		Debug|Any CPU = Debug|Any CPU
		Release|Any CPU = Release|Any CPU
	EndGlobalSection
	GlobalSection(ProjectConfigurationPlatforms) = postSolution
		{584E2517-E199-4AE9-B28D-5AC8C0897DDE}.Debug|Any CPU.ActiveCfg = Debug|Any CPU
		{584E2517-E199-4AE9-B28D-5AC8C0897DDE}.Debug|Any CPU.Build.0 = Debug|Any CPU
		{584E2517-E199-4AE9-B28D-5AC8C0897DDE}.Release|Any CPU.ActiveCfg = Release|Any CPU
		{584E2517-E199-4AE9-B28D-5AC8C0897DDE}.Release|Any CPU.Build.0 = Release|Any CPU
		{9ED0B940-B7EB-4B13-9573-874EDBAD22EA}.Debug|Any CPU.ActiveCfg = Debug|Any CPU
		{9ED0B940-B7EB-4B13-9573-874EDBAD22EA}.Debug|Any CPU.Build.0 = Debug|Any CPU
		{9ED0B940-B7EB-4B13-9573-874EDBAD22EA}.Release|Any CPU.ActiveCfg = Release|Any CPU
		{9ED0B940-B7EB-4B13-9573-874EDBAD22EA}.Release|Any CPU.Build.0 = Release|Any CPU
	EndGlobalSection
	GlobalSection(SolutionProperties) = preSolution
		HideSolutionNode = FALSE
	EndGlobalSection
EndGlobal
